<?xml version="1.0" encoding="utf-8"?>
<Project ToolsVersion="4.0" xmlns="http://schemas.microsoft.com/developer/msbuild/2003">
  <ItemGroup>
    <Filter Include="Source Files">
      <UniqueIdentifier>{4FC737F1-C7A5-4376-A066-2A32D752A2FF}</UniqueIdentifier>
      <Extensions>cpp;c;cc;cxx;def;odl;idl;hpj;bat;asm;asmx</Extensions>
    </Filter>
    <Filter Include="Header Files">
      <UniqueIdentifier>{93995380-89BD-4b04-88EB-625FBE52EBFB}</UniqueIdentifier>
      <Extensions>h;hpp;hxx;hm;inl;inc;xsd</Extensions>
    </Filter>
    <Filter Include="Header Files\boost/bitstream">
      <UniqueIdentifier>{19d41ab4-93c0-4905-a5ca-066c839e9b2d}</UniqueIdentifier>
    </Filter>
    <Filter Include="Header Files\boost">
      <UniqueIdentifier>{ac60f064-1351-4593-bfa5-1db43adb6d86}</UniqueIdentifier>
    </Filter>
  </ItemGroup>
  <ItemGroup>
    <ClCompile Include="main.cpp">
      <Filter>Source Files</Filter>
    </ClCompile>
    <ClCompile Include="test.cpp">
      <Filter>Source Files</Filter>
    </ClCompile>
  </ItemGroup>
  <ItemGroup>
    <None Include="README.md">
      <Filter>Source Files</Filter>
    </None>
  </ItemGroup>
  <ItemGroup>
    <ClInclude Include="boost\bstream.hpp">
      <Filter>Header Files\boost</Filter>
    </ClInclude>
    <ClInclude Include="boost\bitstream\bstream.hpp">
      <Filter>Header Files\boost/bitstream</Filter>
    </ClInclude>
    <ClInclude Include="boost\bitstream\ibstream.hpp">
      <Filter>Header Files\boost/bitstream</Filter>
    </ClInclude>
    <ClInclude Include="boost\bitstream\iob.hpp">
      <Filter>Header Files\boost/bitstream</Filter>
    </ClInclude>
  </ItemGroup>
</Project>